// !$*UTF8*$!
{
	archiveVersion = 1;
	classes = {
	};
	objectVersion = 51;
	objects = {

/* Begin PBXBuildFile section */
		10BC23D0D911192B2DB9434B /* Pods_InstagramTests.framework in Frameworks */ = {isa = PBXBuildFile; fileRef = AB51126F516B5344BE3F166C /* Pods_InstagramTests.framework */; };
		6846E0191E24BF7D4F4366E9 /* Pods_Instagram.framework in Frameworks */ = {isa = PBXBuildFile; fileRef = DFDC5C6F156567177A0A83AA /* Pods_Instagram.framework */; };
		8204DDC62694EFB400BAA4E0 /* AppDelegate.m in Sources */ = {isa = PBXBuildFile; fileRef = 8204DDC52694EFB400BAA4E0 /* AppDelegate.m */; };
		8204DDC92694EFB400BAA4E0 /* SceneDelegate.m in Sources */ = {isa = PBXBuildFile; fileRef = 8204DDC82694EFB400BAA4E0 /* SceneDelegate.m */; };
		8204DDCF2694EFB400BAA4E0 /* Main.storyboard in Resources */ = {isa = PBXBuildFile; fileRef = 8204DDCD2694EFB400BAA4E0 /* Main.storyboard */; };
		8204DDD12694EFB500BAA4E0 /* Assets.xcassets in Resources */ = {isa = PBXBuildFile; fileRef = 8204DDD02694EFB500BAA4E0 /* Assets.xcassets */; };
		8204DDD42694EFB500BAA4E0 /* LaunchScreen.storyboard in Resources */ = {isa = PBXBuildFile; fileRef = 8204DDD22694EFB500BAA4E0 /* LaunchScreen.storyboard */; };
		8204DDD72694EFB500BAA4E0 /* main.m in Sources */ = {isa = PBXBuildFile; fileRef = 8204DDD62694EFB500BAA4E0 /* main.m */; };
		8204DDE12694EFB500BAA4E0 /* InstagramTests.m in Sources */ = {isa = PBXBuildFile; fileRef = 8204DDE02694EFB500BAA4E0 /* InstagramTests.m */; };
		8204DDEC2694EFB500BAA4E0 /* InstagramUITests.m in Sources */ = {isa = PBXBuildFile; fileRef = 8204DDEB2694EFB500BAA4E0 /* InstagramUITests.m */; };
		8204DDFB2696AD4000BAA4E0 /* LogInViewController.m in Sources */ = {isa = PBXBuildFile; fileRef = 8204DDFA2696AD4000BAA4E0 /* LogInViewController.m */; };
		8204DDFE2696AD6C00BAA4E0 /* SignUpViewController.m in Sources */ = {isa = PBXBuildFile; fileRef = 8204DDFD2696AD6C00BAA4E0 /* SignUpViewController.m */; };
		8204DE0126978BAE00BAA4E0 /* FeedViewController.m in Sources */ = {isa = PBXBuildFile; fileRef = 8204DE0026978BAE00BAA4E0 /* FeedViewController.m */; };
		8204DE0426979C6D00BAA4E0 /* PostViewController.m in Sources */ = {isa = PBXBuildFile; fileRef = 8204DE0326979C6D00BAA4E0 /* PostViewController.m */; };
		8204DE072697AACB00BAA4E0 /* Post.m in Sources */ = {isa = PBXBuildFile; fileRef = 8204DE062697AACB00BAA4E0 /* Post.m */; };
		8A6A3E49B620C7A3EA9F0F86 /* Pods_Instagram_InstagramUITests.framework in Frameworks */ = {isa = PBXBuildFile; fileRef = 2EB5ED282B91D22B72136967 /* Pods_Instagram_InstagramUITests.framework */; };
/* End PBXBuildFile section */

/* Begin PBXContainerItemProxy section */
		8204DDDD2694EFB500BAA4E0 /* PBXContainerItemProxy */ = {
			isa = PBXContainerItemProxy;
			containerPortal = 8204DDB92694EFB400BAA4E0 /* Project object */;
			proxyType = 1;
			remoteGlobalIDString = 8204DDC02694EFB400BAA4E0;
			remoteInfo = Instagram;
		};
		8204DDE82694EFB500BAA4E0 /* PBXContainerItemProxy */ = {
			isa = PBXContainerItemProxy;
			containerPortal = 8204DDB92694EFB400BAA4E0 /* Project object */;
			proxyType = 1;
			remoteGlobalIDString = 8204DDC02694EFB400BAA4E0;
			remoteInfo = Instagram;
		};
/* End PBXContainerItemProxy section */

/* Begin PBXFileReference section */
		0BA13041E41FE8BA3F53B0EA /* Pods-Instagram.debug.xcconfig */ = {isa = PBXFileReference; includeInIndex = 1; lastKnownFileType = text.xcconfig; name = "Pods-Instagram.debug.xcconfig"; path = "Target Support Files/Pods-Instagram/Pods-Instagram.debug.xcconfig"; sourceTree = "<group>"; };
		2EB5ED282B91D22B72136967 /* Pods_Instagram_InstagramUITests.framework */ = {isa = PBXFileReference; explicitFileType = wrapper.framework; includeInIndex = 0; path = Pods_Instagram_InstagramUITests.framework; sourceTree = BUILT_PRODUCTS_DIR; };
		3A859B1AB1E233005DED6CF0 /* Pods-Instagram.release.xcconfig */ = {isa = PBXFileReference; includeInIndex = 1; lastKnownFileType = text.xcconfig; name = "Pods-Instagram.release.xcconfig"; path = "Target Support Files/Pods-Instagram/Pods-Instagram.release.xcconfig"; sourceTree = "<group>"; };
		8204DDC12694EFB400BAA4E0 /* Instagram.app */ = {isa = PBXFileReference; explicitFileType = wrapper.application; includeInIndex = 0; path = Instagram.app; sourceTree = BUILT_PRODUCTS_DIR; };
		8204DDC42694EFB400BAA4E0 /* AppDelegate.h */ = {isa = PBXFileReference; lastKnownFileType = sourcecode.c.h; path = AppDelegate.h; sourceTree = "<group>"; };
		8204DDC52694EFB400BAA4E0 /* AppDelegate.m */ = {isa = PBXFileReference; lastKnownFileType = sourcecode.c.objc; path = AppDelegate.m; sourceTree = "<group>"; };
		8204DDC72694EFB400BAA4E0 /* SceneDelegate.h */ = {isa = PBXFileReference; lastKnownFileType = sourcecode.c.h; path = SceneDelegate.h; sourceTree = "<group>"; };
		8204DDC82694EFB400BAA4E0 /* SceneDelegate.m */ = {isa = PBXFileReference; lastKnownFileType = sourcecode.c.objc; path = SceneDelegate.m; sourceTree = "<group>"; };
		8204DDCE2694EFB400BAA4E0 /* Base */ = {isa = PBXFileReference; lastKnownFileType = file.storyboard; name = Base; path = Base.lproj/Main.storyboard; sourceTree = "<group>"; };
		8204DDD02694EFB500BAA4E0 /* Assets.xcassets */ = {isa = PBXFileReference; lastKnownFileType = folder.assetcatalog; path = Assets.xcassets; sourceTree = "<group>"; };
		8204DDD32694EFB500BAA4E0 /* Base */ = {isa = PBXFileReference; lastKnownFileType = file.storyboard; name = Base; path = Base.lproj/LaunchScreen.storyboard; sourceTree = "<group>"; };
		8204DDD52694EFB500BAA4E0 /* Info.plist */ = {isa = PBXFileReference; lastKnownFileType = text.plist.xml; path = Info.plist; sourceTree = "<group>"; };
		8204DDD62694EFB500BAA4E0 /* main.m */ = {isa = PBXFileReference; lastKnownFileType = sourcecode.c.objc; path = main.m; sourceTree = "<group>"; };
		8204DDDC2694EFB500BAA4E0 /* InstagramTests.xctest */ = {isa = PBXFileReference; explicitFileType = wrapper.cfbundle; includeInIndex = 0; path = InstagramTests.xctest; sourceTree = BUILT_PRODUCTS_DIR; };
		8204DDE02694EFB500BAA4E0 /* InstagramTests.m */ = {isa = PBXFileReference; lastKnownFileType = sourcecode.c.objc; path = InstagramTests.m; sourceTree = "<group>"; };
		8204DDE22694EFB500BAA4E0 /* Info.plist */ = {isa = PBXFileReference; lastKnownFileType = text.plist.xml; path = Info.plist; sourceTree = "<group>"; };
		8204DDE72694EFB500BAA4E0 /* InstagramUITests.xctest */ = {isa = PBXFileReference; explicitFileType = wrapper.cfbundle; includeInIndex = 0; path = InstagramUITests.xctest; sourceTree = BUILT_PRODUCTS_DIR; };
		8204DDEB2694EFB500BAA4E0 /* InstagramUITests.m */ = {isa = PBXFileReference; lastKnownFileType = sourcecode.c.objc; path = InstagramUITests.m; sourceTree = "<group>"; };
		8204DDED2694EFB500BAA4E0 /* Info.plist */ = {isa = PBXFileReference; lastKnownFileType = text.plist.xml; path = Info.plist; sourceTree = "<group>"; };
		8204DDF92696AD4000BAA4E0 /* LogInViewController.h */ = {isa = PBXFileReference; lastKnownFileType = sourcecode.c.h; path = LogInViewController.h; sourceTree = "<group>"; };
		8204DDFA2696AD4000BAA4E0 /* LogInViewController.m */ = {isa = PBXFileReference; lastKnownFileType = sourcecode.c.objc; path = LogInViewController.m; sourceTree = "<group>"; };
		8204DDFC2696AD6C00BAA4E0 /* SignUpViewController.h */ = {isa = PBXFileReference; lastKnownFileType = sourcecode.c.h; path = SignUpViewController.h; sourceTree = "<group>"; };
		8204DDFD2696AD6C00BAA4E0 /* SignUpViewController.m */ = {isa = PBXFileReference; lastKnownFileType = sourcecode.c.objc; path = SignUpViewController.m; sourceTree = "<group>"; };
		8204DDFF26978BAE00BAA4E0 /* FeedViewController.h */ = {isa = PBXFileReference; lastKnownFileType = sourcecode.c.h; path = FeedViewController.h; sourceTree = "<group>"; };
		8204DE0026978BAE00BAA4E0 /* FeedViewController.m */ = {isa = PBXFileReference; lastKnownFileType = sourcecode.c.objc; path = FeedViewController.m; sourceTree = "<group>"; };
		8204DE0226979C6D00BAA4E0 /* PostViewController.h */ = {isa = PBXFileReference; lastKnownFileType = sourcecode.c.h; path = PostViewController.h; sourceTree = "<group>"; };
		8204DE0326979C6D00BAA4E0 /* PostViewController.m */ = {isa = PBXFileReference; lastKnownFileType = sourcecode.c.objc; path = PostViewController.m; sourceTree = "<group>"; };
		8204DE052697AACB00BAA4E0 /* Post.h */ = {isa = PBXFileReference; lastKnownFileType = sourcecode.c.h; path = Post.h; sourceTree = "<group>"; };
		8204DE062697AACB00BAA4E0 /* Post.m */ = {isa = PBXFileReference; lastKnownFileType = sourcecode.c.objc; path = Post.m; sourceTree = "<group>"; };
		A64367229DBC9564F4745BF0 /* Pods-Instagram-InstagramUITests.debug.xcconfig */ = {isa = PBXFileReference; includeInIndex = 1; lastKnownFileType = text.xcconfig; name = "Pods-Instagram-InstagramUITests.debug.xcconfig"; path = "Target Support Files/Pods-Instagram-InstagramUITests/Pods-Instagram-InstagramUITests.debug.xcconfig"; sourceTree = "<group>"; };
		AB51126F516B5344BE3F166C /* Pods_InstagramTests.framework */ = {isa = PBXFileReference; explicitFileType = wrapper.framework; includeInIndex = 0; path = Pods_InstagramTests.framework; sourceTree = BUILT_PRODUCTS_DIR; };
		CA6AA4B4ED4CFAA39549FACA /* Pods-InstagramTests.debug.xcconfig */ = {isa = PBXFileReference; includeInIndex = 1; lastKnownFileType = text.xcconfig; name = "Pods-InstagramTests.debug.xcconfig"; path = "Target Support Files/Pods-InstagramTests/Pods-InstagramTests.debug.xcconfig"; sourceTree = "<group>"; };
		CE069B1BB46D47BD09B1E899 /* Pods-InstagramTests.release.xcconfig */ = {isa = PBXFileReference; includeInIndex = 1; lastKnownFileType = text.xcconfig; name = "Pods-InstagramTests.release.xcconfig"; path = "Target Support Files/Pods-InstagramTests/Pods-InstagramTests.release.xcconfig"; sourceTree = "<group>"; };
		DFDC5C6F156567177A0A83AA /* Pods_Instagram.framework */ = {isa = PBXFileReference; explicitFileType = wrapper.framework; includeInIndex = 0; path = Pods_Instagram.framework; sourceTree = BUILT_PRODUCTS_DIR; };
		FD883A7E871AEF065904450E /* Pods-Instagram-InstagramUITests.release.xcconfig */ = {isa = PBXFileReference; includeInIndex = 1; lastKnownFileType = text.xcconfig; name = "Pods-Instagram-InstagramUITests.release.xcconfig"; path = "Target Support Files/Pods-Instagram-InstagramUITests/Pods-Instagram-InstagramUITests.release.xcconfig"; sourceTree = "<group>"; };
/* End PBXFileReference section */

/* Begin PBXFrameworksBuildPhase section */
		8204DDBE2694EFB400BAA4E0 /* Frameworks */ = {
			isa = PBXFrameworksBuildPhase;
			buildActionMask = 2147483647;
			files = (
				6846E0191E24BF7D4F4366E9 /* Pods_Instagram.framework in Frameworks */,
			);
			runOnlyForDeploymentPostprocessing = 0;
		};
		8204DDD92694EFB500BAA4E0 /* Frameworks */ = {
			isa = PBXFrameworksBuildPhase;
			buildActionMask = 2147483647;
			files = (
				10BC23D0D911192B2DB9434B /* Pods_InstagramTests.framework in Frameworks */,
			);
			runOnlyForDeploymentPostprocessing = 0;
		};
		8204DDE42694EFB500BAA4E0 /* Frameworks */ = {
			isa = PBXFrameworksBuildPhase;
			buildActionMask = 2147483647;
			files = (
				8A6A3E49B620C7A3EA9F0F86 /* Pods_Instagram_InstagramUITests.framework in Frameworks */,
			);
			runOnlyForDeploymentPostprocessing = 0;
		};
/* End PBXFrameworksBuildPhase section */

/* Begin PBXGroup section */
		21D3B9B09913F194251C1EE7 /* Pods */ = {
			isa = PBXGroup;
			children = (
				0BA13041E41FE8BA3F53B0EA /* Pods-Instagram.debug.xcconfig */,
				3A859B1AB1E233005DED6CF0 /* Pods-Instagram.release.xcconfig */,
				A64367229DBC9564F4745BF0 /* Pods-Instagram-InstagramUITests.debug.xcconfig */,
				FD883A7E871AEF065904450E /* Pods-Instagram-InstagramUITests.release.xcconfig */,
				CA6AA4B4ED4CFAA39549FACA /* Pods-InstagramTests.debug.xcconfig */,
				CE069B1BB46D47BD09B1E899 /* Pods-InstagramTests.release.xcconfig */,
			);
			path = Pods;
			sourceTree = "<group>";
		};
		391C924DD4C80F69DB7BCE0E /* Frameworks */ = {
			isa = PBXGroup;
			children = (
				DFDC5C6F156567177A0A83AA /* Pods_Instagram.framework */,
				2EB5ED282B91D22B72136967 /* Pods_Instagram_InstagramUITests.framework */,
				AB51126F516B5344BE3F166C /* Pods_InstagramTests.framework */,
			);
			name = Frameworks;
			sourceTree = "<group>";
		};
		8204DDB82694EFB400BAA4E0 = {
			isa = PBXGroup;
			children = (
				8204DDC32694EFB400BAA4E0 /* Instagram */,
				8204DDDF2694EFB500BAA4E0 /* InstagramTests */,
				8204DDEA2694EFB500BAA4E0 /* InstagramUITests */,
				8204DDC22694EFB400BAA4E0 /* Products */,
				21D3B9B09913F194251C1EE7 /* Pods */,
				391C924DD4C80F69DB7BCE0E /* Frameworks */,
			);
			sourceTree = "<group>";
		};
		8204DDC22694EFB400BAA4E0 /* Products */ = {
			isa = PBXGroup;
			children = (
				8204DDC12694EFB400BAA4E0 /* Instagram.app */,
				8204DDDC2694EFB500BAA4E0 /* InstagramTests.xctest */,
				8204DDE72694EFB500BAA4E0 /* InstagramUITests.xctest */,
			);
			name = Products;
			sourceTree = "<group>";
		};
		8204DDC32694EFB400BAA4E0 /* Instagram */ = {
			isa = PBXGroup;
			children = (
				8204DDC42694EFB400BAA4E0 /* AppDelegate.h */,
				8204DDC52694EFB400BAA4E0 /* AppDelegate.m */,
				8204DDC72694EFB400BAA4E0 /* SceneDelegate.h */,
				8204DDC82694EFB400BAA4E0 /* SceneDelegate.m */,
				8204DDCD2694EFB400BAA4E0 /* Main.storyboard */,
				8204DDD02694EFB500BAA4E0 /* Assets.xcassets */,
				8204DDD22694EFB500BAA4E0 /* LaunchScreen.storyboard */,
				8204DDD52694EFB500BAA4E0 /* Info.plist */,
				8204DDD62694EFB500BAA4E0 /* main.m */,
				8204DDF92696AD4000BAA4E0 /* LogInViewController.h */,
				8204DDFA2696AD4000BAA4E0 /* LogInViewController.m */,
				8204DDFC2696AD6C00BAA4E0 /* SignUpViewController.h */,
				8204DDFD2696AD6C00BAA4E0 /* SignUpViewController.m */,
				8204DDFF26978BAE00BAA4E0 /* FeedViewController.h */,
				8204DE0026978BAE00BAA4E0 /* FeedViewController.m */,
				8204DE0226979C6D00BAA4E0 /* PostViewController.h */,
				8204DE0326979C6D00BAA4E0 /* PostViewController.m */,
				8204DE052697AACB00BAA4E0 /* Post.h */,
				8204DE062697AACB00BAA4E0 /* Post.m */,
			);
			path = Instagram;
			sourceTree = "<group>";
		};
		8204DDDF2694EFB500BAA4E0 /* InstagramTests */ = {
			isa = PBXGroup;
			children = (
				8204DDE02694EFB500BAA4E0 /* InstagramTests.m */,
				8204DDE22694EFB500BAA4E0 /* Info.plist */,
			);
			path = InstagramTests;
			sourceTree = "<group>";
		};
		8204DDEA2694EFB500BAA4E0 /* InstagramUITests */ = {
			isa = PBXGroup;
			children = (
				8204DDEB2694EFB500BAA4E0 /* InstagramUITests.m */,
				8204DDED2694EFB500BAA4E0 /* Info.plist */,
			);
			path = InstagramUITests;
			sourceTree = "<group>";
		};
/* End PBXGroup section */

/* Begin PBXNativeTarget section */
		8204DDC02694EFB400BAA4E0 /* Instagram */ = {
			isa = PBXNativeTarget;
			buildConfigurationList = 8204DDF02694EFB500BAA4E0 /* Build configuration list for PBXNativeTarget "Instagram" */;
			buildPhases = (
				64F6BD1C8BB6B278B85C663F /* [CP] Check Pods Manifest.lock */,
				8204DDBD2694EFB400BAA4E0 /* Sources */,
				8204DDBE2694EFB400BAA4E0 /* Frameworks */,
				8204DDBF2694EFB400BAA4E0 /* Resources */,
				6F1AB359F875D6892B35731B /* [CP] Embed Pods Frameworks */,
			);
			buildRules = (
			);
			dependencies = (
			);
			name = Instagram;
			productName = Instagram;
			productReference = 8204DDC12694EFB400BAA4E0 /* Instagram.app */;
			productType = "com.apple.product-type.application";
		};
		8204DDDB2694EFB500BAA4E0 /* InstagramTests */ = {
			isa = PBXNativeTarget;
			buildConfigurationList = 8204DDF32694EFB500BAA4E0 /* Build configuration list for PBXNativeTarget "InstagramTests" */;
			buildPhases = (
				F1F6DB376E6FA6A96CC39778 /* [CP] Check Pods Manifest.lock */,
				8204DDD82694EFB500BAA4E0 /* Sources */,
				8204DDD92694EFB500BAA4E0 /* Frameworks */,
				8204DDDA2694EFB500BAA4E0 /* Resources */,
			);
			buildRules = (
			);
			dependencies = (
				8204DDDE2694EFB500BAA4E0 /* PBXTargetDependency */,
			);
			name = InstagramTests;
			productName = InstagramTests;
			productReference = 8204DDDC2694EFB500BAA4E0 /* InstagramTests.xctest */;
			productType = "com.apple.product-type.bundle.unit-test";
		};
		8204DDE62694EFB500BAA4E0 /* InstagramUITests */ = {
			isa = PBXNativeTarget;
			buildConfigurationList = 8204DDF62694EFB500BAA4E0 /* Build configuration list for PBXNativeTarget "InstagramUITests" */;
			buildPhases = (
				97E5EFA1C7C6538345BD9257 /* [CP] Check Pods Manifest.lock */,
				8204DDE32694EFB500BAA4E0 /* Sources */,
				8204DDE42694EFB500BAA4E0 /* Frameworks */,
				8204DDE52694EFB500BAA4E0 /* Resources */,
				7858FD3B4132029C943D9326 /* [CP] Embed Pods Frameworks */,
			);
			buildRules = (
			);
			dependencies = (
				8204DDE92694EFB500BAA4E0 /* PBXTargetDependency */,
			);
			name = InstagramUITests;
			productName = InstagramUITests;
			productReference = 8204DDE72694EFB500BAA4E0 /* InstagramUITests.xctest */;
			productType = "com.apple.product-type.bundle.ui-testing";
		};
/* End PBXNativeTarget section */

/* Begin PBXProject section */
		8204DDB92694EFB400BAA4E0 /* Project object */ = {
			isa = PBXProject;
			attributes = {
				LastUpgradeCheck = 1250;
				TargetAttributes = {
					8204DDC02694EFB400BAA4E0 = {
						CreatedOnToolsVersion = 12.5.1;
					};
					8204DDDB2694EFB500BAA4E0 = {
						CreatedOnToolsVersion = 12.5.1;
						TestTargetID = 8204DDC02694EFB400BAA4E0;
					};
					8204DDE62694EFB500BAA4E0 = {
						CreatedOnToolsVersion = 12.5.1;
						TestTargetID = 8204DDC02694EFB400BAA4E0;
					};
				};
			};
			buildConfigurationList = 8204DDBC2694EFB400BAA4E0 /* Build configuration list for PBXProject "Instagram" */;
			compatibilityVersion = "Xcode 9.3";
			developmentRegion = en;
			hasScannedForEncodings = 0;
			knownRegions = (
				en,
				Base,
			);
			mainGroup = 8204DDB82694EFB400BAA4E0;
			productRefGroup = 8204DDC22694EFB400BAA4E0 /* Products */;
			projectDirPath = "";
			projectRoot = "";
			targets = (
				8204DDC02694EFB400BAA4E0 /* Instagram */,
				8204DDDB2694EFB500BAA4E0 /* InstagramTests */,
				8204DDE62694EFB500BAA4E0 /* InstagramUITests */,
			);
		};
/* End PBXProject section */

/* Begin PBXResourcesBuildPhase section */
		8204DDBF2694EFB400BAA4E0 /* Resources */ = {
			isa = PBXResourcesBuildPhase;
			buildActionMask = 2147483647;
			files = (
				8204DDD42694EFB500BAA4E0 /* LaunchScreen.storyboard in Resources */,
				8204DDD12694EFB500BAA4E0 /* Assets.xcassets in Resources */,
				8204DDCF2694EFB400BAA4E0 /* Main.storyboard in Resources */,
			);
			runOnlyForDeploymentPostprocessing = 0;
		};
		8204DDDA2694EFB500BAA4E0 /* Resources */ = {
			isa = PBXResourcesBuildPhase;
			buildActionMask = 2147483647;
			files = (
			);
			runOnlyForDeploymentPostprocessing = 0;
		};
		8204DDE52694EFB500BAA4E0 /* Resources */ = {
			isa = PBXResourcesBuildPhase;
			buildActionMask = 2147483647;
			files = (
			);
			runOnlyForDeploymentPostprocessing = 0;
		};
/* End PBXResourcesBuildPhase section */

/* Begin PBXShellScriptBuildPhase section */
		64F6BD1C8BB6B278B85C663F /* [CP] Check Pods Manifest.lock */ = {
			isa = PBXShellScriptBuildPhase;
			buildActionMask = 2147483647;
			files = (
			);
			inputFileListPaths = (
			);
			inputPaths = (
				"${PODS_PODFILE_DIR_PATH}/Podfile.lock",
				"${PODS_ROOT}/Manifest.lock",
			);
			name = "[CP] Check Pods Manifest.lock";
			outputFileListPaths = (
			);
			outputPaths = (
				"$(DERIVED_FILE_DIR)/Pods-Instagram-checkManifestLockResult.txt",
			);
			runOnlyForDeploymentPostprocessing = 0;
			shellPath = /bin/sh;
			shellScript = "diff \"${PODS_PODFILE_DIR_PATH}/Podfile.lock\" \"${PODS_ROOT}/Manifest.lock\" > /dev/null\nif [ $? != 0 ] ; then\n    # print error to STDERR\n    echo \"error: The sandbox is not in sync with the Podfile.lock. Run 'pod install' or update your CocoaPods installation.\" >&2\n    exit 1\nfi\n# This output is used by Xcode 'outputs' to avoid re-running this script phase.\necho \"SUCCESS\" > \"${SCRIPT_OUTPUT_FILE_0}\"\n";
			showEnvVarsInLog = 0;
		};
		6F1AB359F875D6892B35731B /* [CP] Embed Pods Frameworks */ = {
			isa = PBXShellScriptBuildPhase;
			buildActionMask = 2147483647;
			files = (
			);
			inputFileListPaths = (
				"${PODS_ROOT}/Target Support Files/Pods-Instagram/Pods-Instagram-frameworks-${CONFIGURATION}-input-files.xcfilelist",
			);
			name = "[CP] Embed Pods Frameworks";
			outputFileListPaths = (
				"${PODS_ROOT}/Target Support Files/Pods-Instagram/Pods-Instagram-frameworks-${CONFIGURATION}-output-files.xcfilelist",
			);
			runOnlyForDeploymentPostprocessing = 0;
			shellPath = /bin/sh;
			shellScript = "\"${PODS_ROOT}/Target Support Files/Pods-Instagram/Pods-Instagram-frameworks.sh\"\n";
			showEnvVarsInLog = 0;
		};
		7858FD3B4132029C943D9326 /* [CP] Embed Pods Frameworks */ = {
			isa = PBXShellScriptBuildPhase;
			buildActionMask = 2147483647;
			files = (
			);
			inputFileListPaths = (
				"${PODS_ROOT}/Target Support Files/Pods-Instagram-InstagramUITests/Pods-Instagram-InstagramUITests-frameworks-${CONFIGURATION}-input-files.xcfilelist",
			);
			name = "[CP] Embed Pods Frameworks";
			outputFileListPaths = (
				"${PODS_ROOT}/Target Support Files/Pods-Instagram-InstagramUITests/Pods-Instagram-InstagramUITests-frameworks-${CONFIGURATION}-output-files.xcfilelist",
			);
			runOnlyForDeploymentPostprocessing = 0;
			shellPath = /bin/sh;
			shellScript = "\"${PODS_ROOT}/Target Support Files/Pods-Instagram-InstagramUITests/Pods-Instagram-InstagramUITests-frameworks.sh\"\n";
			showEnvVarsInLog = 0;
		};
		97E5EFA1C7C6538345BD9257 /* [CP] Check Pods Manifest.lock */ = {
			isa = PBXShellScriptBuildPhase;
			buildActionMask = 2147483647;
			files = (
			);
			inputFileListPaths = (
			);
			inputPaths = (
				"${PODS_PODFILE_DIR_PATH}/Podfile.lock",
				"${PODS_ROOT}/Manifest.lock",
			);
			name = "[CP] Check Pods Manifest.lock";
			outputFileListPaths = (
			);
			outputPaths = (
				"$(DERIVED_FILE_DIR)/Pods-Instagram-InstagramUITests-checkManifestLockResult.txt",
			);
			runOnlyForDeploymentPostprocessing = 0;
			shellPath = /bin/sh;
			shellScript = "diff \"${PODS_PODFILE_DIR_PATH}/Podfile.lock\" \"${PODS_ROOT}/Manifest.lock\" > /dev/null\nif [ $? != 0 ] ; then\n    # print error to STDERR\n    echo \"error: The sandbox is not in sync with the Podfile.lock. Run 'pod install' or update your CocoaPods installation.\" >&2\n    exit 1\nfi\n# This output is used by Xcode 'outputs' to avoid re-running this script phase.\necho \"SUCCESS\" > \"${SCRIPT_OUTPUT_FILE_0}\"\n";
			showEnvVarsInLog = 0;
		};
		F1F6DB376E6FA6A96CC39778 /* [CP] Check Pods Manifest.lock */ = {
			isa = PBXShellScriptBuildPhase;
			buildActionMask = 2147483647;
			files = (
			);
			inputFileListPaths = (
			);
			inputPaths = (
				"${PODS_PODFILE_DIR_PATH}/Podfile.lock",
				"${PODS_ROOT}/Manifest.lock",
			);
			name = "[CP] Check Pods Manifest.lock";
			outputFileListPaths = (
			);
			outputPaths = (
				"$(DERIVED_FILE_DIR)/Pods-InstagramTests-checkManifestLockResult.txt",
			);
			runOnlyForDeploymentPostprocessing = 0;
			shellPath = /bin/sh;
			shellScript = "diff \"${PODS_PODFILE_DIR_PATH}/Podfile.lock\" \"${PODS_ROOT}/Manifest.lock\" > /dev/null\nif [ $? != 0 ] ; then\n    # print error to STDERR\n    echo \"error: The sandbox is not in sync with the Podfile.lock. Run 'pod install' or update your CocoaPods installation.\" >&2\n    exit 1\nfi\n# This output is used by Xcode 'outputs' to avoid re-running this script phase.\necho \"SUCCESS\" > \"${SCRIPT_OUTPUT_FILE_0}\"\n";
			showEnvVarsInLog = 0;
		};
/* End PBXShellScriptBuildPhase section */

/* Begin PBXSourcesBuildPhase section */
		8204DDBD2694EFB400BAA4E0 /* Sources */ = {
			isa = PBXSourcesBuildPhase;
			buildActionMask = 2147483647;
			files = (
				8204DE0426979C6D00BAA4E0 /* PostViewController.m in Sources */,
				8204DDC62694EFB400BAA4E0 /* AppDelegate.m in Sources */,
				8204DDFE2696AD6C00BAA4E0 /* SignUpViewController.m in Sources */,
				8204DDFB2696AD4000BAA4E0 /* LogInViewController.m in Sources */,
				8204DDD72694EFB500BAA4E0 /* main.m in Sources */,
				8204DE0126978BAE00BAA4E0 /* FeedViewController.m in Sources */,
				8204DDC92694EFB400BAA4E0 /* SceneDelegate.m in Sources */,
				8204DE072697AACB00BAA4E0 /* Post.m in Sources */,
			);
			runOnlyForDeploymentPostprocessing = 0;
		};
		8204DDD82694EFB500BAA4E0 /* Sources */ = {
			isa = PBXSourcesBuildPhase;
			buildActionMask = 2147483647;
			files = (
				8204DDE12694EFB500BAA4E0 /* InstagramTests.m in Sources */,
			);
			runOnlyForDeploymentPostprocessing = 0;
		};
		8204DDE32694EFB500BAA4E0 /* Sources */ = {
			isa = PBXSourcesBuildPhase;
			buildActionMask = 2147483647;
			files = (
				8204DDEC2694EFB500BAA4E0 /* InstagramUITests.m in Sources */,
			);
			runOnlyForDeploymentPostprocessing = 0;
		};
/* End PBXSourcesBuildPhase section */

/* Begin PBXTargetDependency section */
		8204DDDE2694EFB500BAA4E0 /* PBXTargetDependency */ = {
			isa = PBXTargetDependency;
			target = 8204DDC02694EFB400BAA4E0 /* Instagram */;
			targetProxy = 8204DDDD2694EFB500BAA4E0 /* PBXContainerItemProxy */;
		};
		8204DDE92694EFB500BAA4E0 /* PBXTargetDependency */ = {
			isa = PBXTargetDependency;
			target = 8204DDC02694EFB400BAA4E0 /* Instagram */;
			targetProxy = 8204DDE82694EFB500BAA4E0 /* PBXContainerItemProxy */;
		};
/* End PBXTargetDependency section */

/* Begin PBXVariantGroup section */
		8204DDCD2694EFB400BAA4E0 /* Main.storyboard */ = {
			isa = PBXVariantGroup;
			children = (
				8204DDCE2694EFB400BAA4E0 /* Base */,
			);
			name = Main.storyboard;
			sourceTree = "<group>";
		};
		8204DDD22694EFB500BAA4E0 /* LaunchScreen.storyboard */ = {
			isa = PBXVariantGroup;
			children = (
				8204DDD32694EFB500BAA4E0 /* Base */,
			);
			name = LaunchScreen.storyboard;
			sourceTree = "<group>";
		};
/* End PBXVariantGroup section */

/* Begin XCBuildConfiguration section */
		8204DDEE2694EFB500BAA4E0 /* Debug */ = {
			isa = XCBuildConfiguration;
			buildSettings = {
				ALWAYS_SEARCH_USER_PATHS = NO;
				CLANG_ANALYZER_NONNULL = YES;
				CLANG_ANALYZER_NUMBER_OBJECT_CONVERSION = YES_AGGRESSIVE;
				CLANG_CXX_LANGUAGE_STANDARD = "gnu++14";
				CLANG_CXX_LIBRARY = "libc++";
				CLANG_ENABLE_MODULES = YES;
				CLANG_ENABLE_OBJC_ARC = YES;
				CLANG_ENABLE_OBJC_WEAK = YES;
				CLANG_WARN_BLOCK_CAPTURE_AUTORELEASING = YES;
				CLANG_WARN_BOOL_CONVERSION = YES;
				CLANG_WARN_COMMA = YES;
				CLANG_WARN_CONSTANT_CONVERSION = YES;
				CLANG_WARN_DEPRECATED_OBJC_IMPLEMENTATIONS = YES;
				CLANG_WARN_DIRECT_OBJC_ISA_USAGE = YES_ERROR;
				CLANG_WARN_DOCUMENTATION_COMMENTS = YES;
				CLANG_WARN_EMPTY_BODY = YES;
				CLANG_WARN_ENUM_CONVERSION = YES;
				CLANG_WARN_INFINITE_RECURSION = YES;
				CLANG_WARN_INT_CONVERSION = YES;
				CLANG_WARN_NON_LITERAL_NULL_CONVERSION = YES;
				CLANG_WARN_OBJC_IMPLICIT_RETAIN_SELF = YES;
				CLANG_WARN_OBJC_LITERAL_CONVERSION = YES;
				CLANG_WARN_OBJC_ROOT_CLASS = YES_ERROR;
				CLANG_WARN_QUOTED_INCLUDE_IN_FRAMEWORK_HEADER = YES;
				CLANG_WARN_RANGE_LOOP_ANALYSIS = YES;
				CLANG_WARN_STRICT_PROTOTYPES = YES;
				CLANG_WARN_SUSPICIOUS_MOVE = YES;
				CLANG_WARN_UNGUARDED_AVAILABILITY = YES_AGGRESSIVE;
				CLANG_WARN_UNREACHABLE_CODE = YES;
				CLANG_WARN__DUPLICATE_METHOD_MATCH = YES;
				COPY_PHASE_STRIP = NO;
				DEBUG_INFORMATION_FORMAT = dwarf;
				ENABLE_STRICT_OBJC_MSGSEND = YES;
				ENABLE_TESTABILITY = YES;
				GCC_C_LANGUAGE_STANDARD = gnu11;
				GCC_DYNAMIC_NO_PIC = NO;
				GCC_NO_COMMON_BLOCKS = YES;
				GCC_OPTIMIZATION_LEVEL = 0;
				GCC_PREPROCESSOR_DEFINITIONS = (
					"DEBUG=1",
					"$(inherited)",
				);
				GCC_WARN_64_TO_32_BIT_CONVERSION = YES;
				GCC_WARN_ABOUT_RETURN_TYPE = YES_ERROR;
				GCC_WARN_UNDECLARED_SELECTOR = YES;
				GCC_WARN_UNINITIALIZED_AUTOS = YES_AGGRESSIVE;
				GCC_WARN_UNUSED_FUNCTION = YES;
				GCC_WARN_UNUSED_VARIABLE = YES;
				IPHONEOS_DEPLOYMENT_TARGET = 14.5;
				MTL_ENABLE_DEBUG_INFO = INCLUDE_SOURCE;
				MTL_FAST_MATH = YES;
				ONLY_ACTIVE_ARCH = YES;
				SDKROOT = iphoneos;
			};
			name = Debug;
		};
		8204DDEF2694EFB500BAA4E0 /* Release */ = {
			isa = XCBuildConfiguration;
			buildSettings = {
				ALWAYS_SEARCH_USER_PATHS = NO;
				CLANG_ANALYZER_NONNULL = YES;
				CLANG_ANALYZER_NUMBER_OBJECT_CONVERSION = YES_AGGRESSIVE;
				CLANG_CXX_LANGUAGE_STANDARD = "gnu++14";
				CLANG_CXX_LIBRARY = "libc++";
				CLANG_ENABLE_MODULES = YES;
				CLANG_ENABLE_OBJC_ARC = YES;
				CLANG_ENABLE_OBJC_WEAK = YES;
				CLANG_WARN_BLOCK_CAPTURE_AUTORELEASING = YES;
				CLANG_WARN_BOOL_CONVERSION = YES;
				CLANG_WARN_COMMA = YES;
				CLANG_WARN_CONSTANT_CONVERSION = YES;
				CLANG_WARN_DEPRECATED_OBJC_IMPLEMENTATIONS = YES;
				CLANG_WARN_DIRECT_OBJC_ISA_USAGE = YES_ERROR;
				CLANG_WARN_DOCUMENTATION_COMMENTS = YES;
				CLANG_WARN_EMPTY_BODY = YES;
				CLANG_WARN_ENUM_CONVERSION = YES;
				CLANG_WARN_INFINITE_RECURSION = YES;
				CLANG_WARN_INT_CONVERSION = YES;
				CLANG_WARN_NON_LITERAL_NULL_CONVERSION = YES;
				CLANG_WARN_OBJC_IMPLICIT_RETAIN_SELF = YES;
				CLANG_WARN_OBJC_LITERAL_CONVERSION = YES;
				CLANG_WARN_OBJC_ROOT_CLASS = YES_ERROR;
				CLANG_WARN_QUOTED_INCLUDE_IN_FRAMEWORK_HEADER = YES;
				CLANG_WARN_RANGE_LOOP_ANALYSIS = YES;
				CLANG_WARN_STRICT_PROTOTYPES = YES;
				CLANG_WARN_SUSPICIOUS_MOVE = YES;
				CLANG_WARN_UNGUARDED_AVAILABILITY = YES_AGGRESSIVE;
				CLANG_WARN_UNREACHABLE_CODE = YES;
				CLANG_WARN__DUPLICATE_METHOD_MATCH = YES;
				COPY_PHASE_STRIP = NO;
				DEBUG_INFORMATION_FORMAT = "dwarf-with-dsym";
				ENABLE_NS_ASSERTIONS = NO;
				ENABLE_STRICT_OBJC_MSGSEND = YES;
				GCC_C_LANGUAGE_STANDARD = gnu11;
				GCC_NO_COMMON_BLOCKS = YES;
				GCC_WARN_64_TO_32_BIT_CONVERSION = YES;
				GCC_WARN_ABOUT_RETURN_TYPE = YES_ERROR;
				GCC_WARN_UNDECLARED_SELECTOR = YES;
				GCC_WARN_UNINITIALIZED_AUTOS = YES_AGGRESSIVE;
				GCC_WARN_UNUSED_FUNCTION = YES;
				GCC_WARN_UNUSED_VARIABLE = YES;
				IPHONEOS_DEPLOYMENT_TARGET = 14.5;
				MTL_ENABLE_DEBUG_INFO = NO;
				MTL_FAST_MATH = YES;
				SDKROOT = iphoneos;
				VALIDATE_PRODUCT = YES;
			};
			name = Release;
		};
		8204DDF12694EFB500BAA4E0 /* Debug */ = {
			isa = XCBuildConfiguration;
			baseConfigurationReference = 0BA13041E41FE8BA3F53B0EA /* Pods-Instagram.debug.xcconfig */;
			buildSettings = {
				ASSETCATALOG_COMPILER_APPICON_NAME = AppIcon;
				ASSETCATALOG_COMPILER_GLOBAL_ACCENT_COLOR_NAME = AccentColor;
				CODE_SIGN_STYLE = Automatic;
				DEVELOPMENT_TEAM = 5B7Z86KL9Q;
				INFOPLIST_FILE = Instagram/Info.plist;
				LD_RUNPATH_SEARCH_PATHS = (
					"$(inherited)",
					"@executable_path/Frameworks",
				);
				PRODUCT_BUNDLE_IDENTIFIER = com.stormieweather0.Instagram;
				PRODUCT_NAME = "$(TARGET_NAME)";
				TARGETED_DEVICE_FAMILY = "1,2";
			};
			name = Debug;
		};
		8204DDF22694EFB500BAA4E0 /* Release */ = {
			isa = XCBuildConfiguration;
			baseConfigurationReference = 3A859B1AB1E233005DED6CF0 /* Pods-Instagram.release.xcconfig */;
			buildSettings = {
				ASSETCATALOG_COMPILER_APPICON_NAME = AppIcon;
				ASSETCATALOG_COMPILER_GLOBAL_ACCENT_COLOR_NAME = AccentColor;
				CODE_SIGN_STYLE = Automatic;
				DEVELOPMENT_TEAM = 5B7Z86KL9Q;
				INFOPLIST_FILE = Instagram/Info.plist;
				LD_RUNPATH_SEARCH_PATHS = (
					"$(inherited)",
					"@executable_path/Frameworks",
				);
				PRODUCT_BUNDLE_IDENTIFIER = com.stormieweather0.Instagram;
				PRODUCT_NAME = "$(TARGET_NAME)";
				TARGETED_DEVICE_FAMILY = "1,2";
			};
			name = Release;
		};
		8204DDF42694EFB500BAA4E0 /* Debug */ = {
			isa = XCBuildConfiguration;
			baseConfigurationReference = CA6AA4B4ED4CFAA39549FACA /* Pods-InstagramTests.debug.xcconfig */;
			buildSettings = {
				BUNDLE_LOADER = "$(TEST_HOST)";
				CODE_SIGN_STYLE = Automatic;
				DEVELOPMENT_TEAM = 5B7Z86KL9Q;
				INFOPLIST_FILE = InstagramTests/Info.plist;
				IPHONEOS_DEPLOYMENT_TARGET = 14.5;
				LD_RUNPATH_SEARCH_PATHS = (
					"$(inherited)",
					"@executable_path/Frameworks",
					"@loader_path/Frameworks",
				);
				PRODUCT_BUNDLE_IDENTIFIER = com.stormieweather0.InstagramTests;
				PRODUCT_NAME = "$(TARGET_NAME)";
				TARGETED_DEVICE_FAMILY = "1,2";
				TEST_HOST = "$(BUILT_PRODUCTS_DIR)/Instagram.app/Instagram";
			};
			name = Debug;
		};
		8204DDF52694EFB500BAA4E0 /* Release */ = {
			isa = XCBuildConfiguration;
			baseConfigurationReference = CE069B1BB46D47BD09B1E899 /* Pods-InstagramTests.release.xcconfig */;
			buildSettings = {
				BUNDLE_LOADER = "$(TEST_HOST)";
				CODE_SIGN_STYLE = Automatic;
				DEVELOPMENT_TEAM = 5B7Z86KL9Q;
				INFOPLIST_FILE = InstagramTests/Info.plist;
				IPHONEOS_DEPLOYMENT_TARGET = 14.5;
				LD_RUNPATH_SEARCH_PATHS = (
					"$(inherited)",
					"@executable_path/Frameworks",
					"@loader_path/Frameworks",
				);
				PRODUCT_BUNDLE_IDENTIFIER = com.stormieweather0.InstagramTests;
				PRODUCT_NAME = "$(TARGET_NAME)";
				TARGETED_DEVICE_FAMILY = "1,2";
				TEST_HOST = "$(BUILT_PRODUCTS_DIR)/Instagram.app/Instagram";
			};
			name = Release;
		};
		8204DDF72694EFB500BAA4E0 /* Debug */ = {
			isa = XCBuildConfiguration;
			baseConfigurationReference = A64367229DBC9564F4745BF0 /* Pods-Instagram-InstagramUITests.debug.xcconfig */;
			buildSettings = {
				CODE_SIGN_STYLE = Automatic;
				DEVELOPMENT_TEAM = 5B7Z86KL9Q;
				INFOPLIST_FILE = InstagramUITests/Info.plist;
				LD_RUNPATH_SEARCH_PATHS = (
					"$(inherited)",
					"@executable_path/Frameworks",
					"@loader_path/Frameworks",
				);
				PRODUCT_BUNDLE_IDENTIFIER = com.stormieweather0.InstagramUITests;
				PRODUCT_NAME = "$(TARGET_NAME)";
				TARGETED_DEVICE_FAMILY = "1,2";
				TEST_TARGET_NAME = Instagram;
			};
			name = Debug;
		};
		8204DDF82694EFB500BAA4E0 /* Release */ = {
			isa = XCBuildConfiguration;
			baseConfigurationReference = FD883A7E871AEF065904450E /* Pods-Instagram-InstagramUITests.release.xcconfig */;
			buildSettings = {
				CODE_SIGN_STYLE = Automatic;
				DEVELOPMENT_TEAM = 5B7Z86KL9Q;
				INFOPLIST_FILE = InstagramUITests/Info.plist;
				LD_RUNPATH_SEARCH_PATHS = (
					"$(inherited)",
					"@executable_path/Frameworks",
					"@loader_path/Frameworks",
				);
				PRODUCT_BUNDLE_IDENTIFIER = com.stormieweather0.InstagramUITests;
				PRODUCT_NAME = "$(TARGET_NAME)";
				TARGETED_DEVICE_FAMILY = "1,2";
				TEST_TARGET_NAME = Instagram;
			};
			name = Release;
		};
/* End XCBuildConfiguration section */

/* Begin XCConfigurationList section */
		8204DDBC2694EFB400BAA4E0 /* Build configuration list for PBXProject "Instagram" */ = {
			isa = XCConfigurationList;
			buildConfigurations = (
				8204DDEE2694EFB500BAA4E0 /* Debug */,
				8204DDEF2694EFB500BAA4E0 /* Release */,
			);
			defaultConfigurationIsVisible = 0;
			defaultConfigurationName = Release;
		};
		8204DDF02694EFB500BAA4E0 /* Build configuration list for PBXNativeTarget "Instagram" */ = {
			isa = XCConfigurationList;
			buildConfigurations = (
				8204DDF12694EFB500BAA4E0 /* Debug */,
				8204DDF22694EFB500BAA4E0 /* Release */,
			);
			defaultConfigurationIsVisible = 0;
			defaultConfigurationName = Release;
		};
		8204DDF32694EFB500BAA4E0 /* Build configuration list for PBXNativeTarget "InstagramTests" */ = {
			isa = XCConfigurationList;
			buildConfigurations = (
				8204DDF42694EFB500BAA4E0 /* Debug */,
				8204DDF52694EFB500BAA4E0 /* Release */,
			);
			defaultConfigurationIsVisible = 0;
			defaultConfigurationName = Release;
		};
		8204DDF62694EFB500BAA4E0 /* Build configuration list for PBXNativeTarget "InstagramUITests" */ = {
			isa = XCConfigurationList;
			buildConfigurations = (
				8204DDF72694EFB500BAA4E0 /* Debug */,
				8204DDF82694EFB500BAA4E0 /* Release */,
			);
			defaultConfigurationIsVisible = 0;
			defaultConfigurationName = Release;
		};
/* End XCConfigurationList section */
	};
	rootObject = 8204DDB92694EFB400BAA4E0 /* Project object */;
}
